<?xml version="1.0" encoding="UTF-8"?>
<Project ToolsVersion="14.0" xmlns="http://schemas.microsoft.com/developer/msbuild/2003">
  <ItemGroup>
    <CustomBuild Include="C:\Users\Rathian\Desktop\assimp-master\CMakeFiles\ac3af8cb7c8d8c3c4f67f29f44e33d8f\INSTALL_force.rule">
      <Filter>CMake Rules</Filter>
    </CustomBuild>
  </ItemGroup>
  <ItemGroup>
    <Filter Include="CMake Rules">
      <UniqueIdentifier>{6C2507F9-11C8-4ED8-95F3-62B75815F28C}</UniqueIdentifier>
    </Filter>
  </ItemGroup>
</Project>
