<?xml version="1.0" encoding="utf-8"?>
<Project ToolsVersion="4.0" xmlns="http://schemas.microsoft.com/developer/msbuild/2003">
  <ItemGroup>
    <Filter Include="Source Files">
      <UniqueIdentifier>{4FC737F1-C7A5-4376-A066-2A32D752A2FF}</UniqueIdentifier>
      <Extensions>cpp;c;cc;cxx;def;odl;idl;hpj;bat;asm;asmx</Extensions>
    </Filter>
    <Filter Include="Header Files">
      <UniqueIdentifier>{93995380-89BD-4b04-88EB-625FBE52EBFB}</UniqueIdentifier>
      <Extensions>h;hh;hpp;hxx;hm;inl;inc;xsd</Extensions>
    </Filter>
    <Filter Include="Resource Files">
      <UniqueIdentifier>{67DA6AB6-F800-4c08-8B7A-83BB121AAD01}</UniqueIdentifier>
      <Extensions>rc;ico;cur;bmp;dlg;rc2;rct;bin;rgs;gif;jpg;jpeg;jpe;resx;tiff;tif;png;wav;mfcribbon-ms</Extensions>
    </Filter>
    <Filter Include="Header Files\Lua">
      <UniqueIdentifier>{654bb2de-15ee-40a4-83d1-e68b6049e326}</UniqueIdentifier>
    </Filter>
    <Filter Include="Source Files\Lua">
      <UniqueIdentifier>{3c751077-fd3a-4f18-92f1-485569854f84}</UniqueIdentifier>
    </Filter>
    <Filter Include="Source Files\Generator">
      <UniqueIdentifier>{0fb7f0e2-c606-4649-baf8-f0cd5df80664}</UniqueIdentifier>
    </Filter>
    <Filter Include="Header Files\Generator">
      <UniqueIdentifier>{88706c55-9f51-4409-98d4-47899f801201}</UniqueIdentifier>
    </Filter>
    <Filter Include="Header Files\Entity">
      <UniqueIdentifier>{e4e9075a-8403-44da-a90d-b0cc7a6a444d}</UniqueIdentifier>
    </Filter>
    <Filter Include="Source Files\Entity">
      <UniqueIdentifier>{68d038dc-f985-45c6-9464-28e1479945bd}</UniqueIdentifier>
    </Filter>
    <Filter Include="Resource Files\Shader">
      <UniqueIdentifier>{6698a9db-be94-40c8-b556-f935ecd0fdb5}</UniqueIdentifier>
    </Filter>
    <Filter Include="Resource Files\Shader\Block">
      <UniqueIdentifier>{8291abbf-5a08-4dc9-9750-f99e737a1b4a}</UniqueIdentifier>
    </Filter>
  </ItemGroup>
  <ItemGroup>
    <ClInclude Include="stdafx.h">
      <Filter>Header Files</Filter>
    </ClInclude>
    <ClInclude Include="Block.h">
      <Filter>Header Files</Filter>
    </ClInclude>
    <ClInclude Include="Chunk.h">
      <Filter>Header Files</Filter>
    </ClInclude>
    <ClInclude Include="ChunkMesh.h">
      <Filter>Header Files</Filter>
    </ClInclude>
    <ClInclude Include="Defines.h">
      <Filter>Header Files</Filter>
    </ClInclude>
    <ClInclude Include="Light.h">
      <Filter>Header Files</Filter>
    </ClInclude>
    <ClInclude Include="Region.h">
      <Filter>Header Files</Filter>
    </ClInclude>
    <ClInclude Include="Shapes.h">
      <Filter>Header Files</Filter>
    </ClInclude>
    <ClInclude Include="World.h">
      <Filter>Header Files</Filter>
    </ClInclude>
    <ClInclude Include="BlockEngine.h">
      <Filter>Header Files</Filter>
    </ClInclude>
    <ClInclude Include="LuaConsole.h">
      <Filter>Header Files\Lua</Filter>
    </ClInclude>
    <ClInclude Include="LuaUtils.h">
      <Filter>Header Files\Lua</Filter>
    </ClInclude>
    <ClInclude Include="SelectionBox.h">
      <Filter>Header Files</Filter>
    </ClInclude>
    <ClInclude Include="BiomeGenerator.h">
      <Filter>Header Files\Generator</Filter>
    </ClInclude>
    <ClInclude Include="WorldGenerator.h">
      <Filter>Header Files\Generator</Filter>
    </ClInclude>
    <ClInclude Include="IWorld.h">
      <Filter>Header Files</Filter>
    </ClInclude>
    <ClInclude Include="Entity.h">
      <Filter>Header Files\Entity</Filter>
    </ClInclude>
    <ClInclude Include="Factory.h">
      <Filter>Header Files\Entity</Filter>
    </ClInclude>
    <ClInclude Include="Player.h">
      <Filter>Header Files\Entity</Filter>
    </ClInclude>
    <ClInclude Include="resource.h">
      <Filter>Resource Files</Filter>
    </ClInclude>
    <ClInclude Include="targetver.h">
      <Filter>Resource Files</Filter>
    </ClInclude>
    <ClInclude Include="EntityItem.h">
      <Filter>Header Files\Entity</Filter>
    </ClInclude>
  </ItemGroup>
  <ItemGroup>
    <ClCompile Include="stdafx.cpp">
      <Filter>Source Files</Filter>
    </ClCompile>
    <ClCompile Include="Block++.cpp">
      <Filter>Source Files</Filter>
    </ClCompile>
    <ClCompile Include="Block.cpp">
      <Filter>Source Files</Filter>
    </ClCompile>
    <ClCompile Include="Chunk.cpp">
      <Filter>Source Files</Filter>
    </ClCompile>
    <ClCompile Include="ChunkMesh.cpp">
      <Filter>Source Files</Filter>
    </ClCompile>
    <ClCompile Include="Light.cpp">
      <Filter>Source Files</Filter>
    </ClCompile>
    <ClCompile Include="Region.cpp">
      <Filter>Source Files</Filter>
    </ClCompile>
    <ClCompile Include="Shapes.cpp">
      <Filter>Source Files</Filter>
    </ClCompile>
    <ClCompile Include="World.cpp">
      <Filter>Source Files</Filter>
    </ClCompile>
    <ClCompile Include="BlockEngine.cpp">
      <Filter>Source Files</Filter>
    </ClCompile>
    <ClCompile Include="LuaConsole.cpp">
      <Filter>Source Files\Lua</Filter>
    </ClCompile>
    <ClCompile Include="LuaUtils.cpp">
      <Filter>Source Files\Lua</Filter>
    </ClCompile>
    <ClCompile Include="SelectionBox.cpp">
      <Filter>Source Files</Filter>
    </ClCompile>
    <ClCompile Include="BiomeGenerator.cpp">
      <Filter>Source Files\Generator</Filter>
    </ClCompile>
    <ClCompile Include="WorldGenerator.cpp">
      <Filter>Source Files\Generator</Filter>
    </ClCompile>
    <ClCompile Include="Entity.cpp">
      <Filter>Source Files\Entity</Filter>
    </ClCompile>
    <ClCompile Include="Player.cpp">
      <Filter>Source Files\Entity</Filter>
    </ClCompile>
    <ClCompile Include="BlockEngine_LuaHooks.cpp">
      <Filter>Source Files\Lua</Filter>
    </ClCompile>
    <ClCompile Include="EntityItem.cpp">
      <Filter>Source Files\Entity</Filter>
    </ClCompile>
  </ItemGroup>
  <ItemGroup>
    <FxCompile Include="..\..\Shader\BlockShadow_ds.hlsl">
      <Filter>Resource Files\Shader\Block</Filter>
    </FxCompile>
    <FxCompile Include="..\..\Shader\BlockShadow_hs.hlsl">
      <Filter>Resource Files\Shader\Block</Filter>
    </FxCompile>
    <FxCompile Include="..\..\Shader\BlockShadow_ps.hlsl">
      <Filter>Resource Files\Shader\Block</Filter>
    </FxCompile>
    <FxCompile Include="..\..\Shader\BlockShadow_vs.hlsl">
      <Filter>Resource Files\Shader\Block</Filter>
    </FxCompile>
    <FxCompile Include="..\..\Shader\Block_ds.hlsl">
      <Filter>Resource Files\Shader\Block</Filter>
    </FxCompile>
    <FxCompile Include="..\..\Shader\Block_hs.hlsl">
      <Filter>Resource Files\Shader\Block</Filter>
    </FxCompile>
    <FxCompile Include="..\..\Shader\Block_ps.hlsl">
      <Filter>Resource Files\Shader\Block</Filter>
    </FxCompile>
    <FxCompile Include="..\..\Shader\Block_vs.hlsl">
      <Filter>Resource Files\Shader\Block</Filter>
    </FxCompile>
    <FxCompile Include="..\..\Shader\WireShader_ps.hlsl">
      <Filter>Resource Files\Shader\Block</Filter>
    </FxCompile>
    <FxCompile Include="..\..\Shader\WireShader_vs.hlsl">
      <Filter>Resource Files\Shader\Block</Filter>
    </FxCompile>
    <FxCompile Include="..\..\Shader\BlockDepthInstancing_vs.hlsl">
      <Filter>Resource Files\Shader\Block</Filter>
    </FxCompile>
    <FxCompile Include="..\..\Shader\BlockInstancing_vs.hlsl">
      <Filter>Resource Files\Shader\Block</Filter>
    </FxCompile>
  </ItemGroup>
  <ItemGroup>
    <ResourceCompile Include="resource.rc">
      <Filter>Resource Files</Filter>
    </ResourceCompile>
  </ItemGroup>
  <ItemGroup>
    <Manifest Include="settings.manifest">
      <Filter>Resource Files</Filter>
    </Manifest>
  </ItemGroup>
  <ItemGroup>
    <Image Include="directx.ico">
      <Filter>Resource Files</Filter>
    </Image>
  </ItemGroup>
</Project>